
Microsoft Visual Studio Solution File, Format Version 12.00
Project("{FAE04EC0-301F-11D3-BF4B-00C04F79EFBC}") = "SparkleMusic-MAUI", "SparkleMusic-MAUI\SparkleMusic-MAUI.csproj", "{61506A6A-4546-4FE4-A47C-BAF61BCDEF7F}"
EndProject
Global
	GlobalSection(SolutionConfigurationPlatforms) = preSolution
		Debug|Any CPU = Debug|Any CPU
		Release|Any CPU = Release|Any CPU
	EndGlobalSection
	GlobalSection(ProjectConfigurationPlatforms) = postSolution
		{61506A6A-4546-4FE4-A47C-BAF61BCDEF7F}.Debug|Any CPU.ActiveCfg = Debug|Any CPU
		{61506A6A-4546-4FE4-A47C-BAF61BCDEF7F}.Debug|Any CPU.Build.0 = Debug|Any CPU
		{61506A6A-4546-4FE4-A47C-BAF61BCDEF7F}.Release|Any CPU.ActiveCfg = Release|Any CPU
		{61506A6A-4546-4FE4-A47C-BAF61BCDEF7F}.Release|Any CPU.Build.0 = Release|Any CPU
	EndGlobalSection
EndGlobal
